// !$*UTF8*$!
{
	archiveVersion = 1;
	classes = {
	};
	objectVersion = 77;
	objects = {

/* Begin PBXBuildFile section */
		6D0000000000000000000001 /* CryptoTokenKit.framework in Frameworks */ = {isa = PBXBuildFile; fileRef = 2D0000000000000000000003 /* CryptoTokenKit.framework */; };
		6D0000000000000000000003 /* RefineIDTokenExtension.appex in Embed Foundation Extensions */ = {isa = PBXBuildFile; fileRef = 2D0000000000000000000002 /* RefineIDTokenExtension.appex */; settings = {ATTRIBUTES = (RemoveHeadersOnCopy, ); }; };
		6D0000000000000000000004 /* CardCore in Frameworks */ = {isa = PBXBuildFile; productRef = AD0000000000000000000002 /* CardCore */; };
		6D0000000000000000000005 /* CardCore in Frameworks */ = {isa = PBXBuildFile; productRef = AD0000000000000000000003 /* CardCore */; };
		6D0000000000000000000006 /* PrivacyInfo.xcprivacy in Resources */ = {isa = PBXBuildFile; fileRef = 2D0000000000000000000008 /* PrivacyInfo.xcprivacy */; };
		6D0000000000000000000007 /* PrivacyInfo.xcprivacy in Resources */ = {isa = PBXBuildFile; fileRef = 2D0000000000000000000008 /* PrivacyInfo.xcprivacy */; };
		6D0000000000000000000008 /* CardCore in Frameworks */ = {isa = PBXBuildFile; productRef = AD0000000000000000000004 /* CardCore */; };
		6D0000000000000000000009 /* CryptoTokenKit.framework in Frameworks */ = {isa = PBXBuildFile; fileRef = 2D0000000000000000000003 /* CryptoTokenKit.framework */; };
		6D000000000000000000000A /* RefineIDDiscoveryExtension.appex in Embed Foundation Extensions */ = {isa = PBXBuildFile; fileRef = 2D000000000000000000000A /* RefineIDDiscoveryExtension.appex */; platformFilter = ios; settings = {ATTRIBUTES = (RemoveHeadersOnCopy, ); }; };
		6D000000000000000000000B /* PrivacyInfo.xcprivacy in Resources */ = {isa = PBXBuildFile; fileRef = 2D0000000000000000000008 /* PrivacyInfo.xcprivacy */; };
		6D000000000000000000000C /* CardCore in Frameworks */ = {isa = PBXBuildFile; productRef = AD0000000000000000000005 /* CardCore */; };
		BD0000000000000000000008 /* CardCore in Frameworks */ = {isa = PBXBuildFile; productRef = AD0000000000000000000006 /* CardCore */; };
		D8D396B5E12DA372E43BD5D3 /* RefineIDRappTokenExtension.appex in Embed Foundation Extensions */ = {isa = PBXBuildFile; fileRef = 5ADED64532B13872419C7B30 /* RefineIDRappTokenExtension.appex */; settings = {ATTRIBUTES = (RemoveHeadersOnCopy, ); }; };
		DC4E6B27DAEFC74447BC438F /* CardCore in Frameworks */ = {isa = PBXBuildFile; productRef = 7298DA08AF9815CC40D89601 /* CardCore */; };
		FE9FF60F2BD451120817294F /* CryptoTokenKit.framework in Frameworks */ = {isa = PBXBuildFile; fileRef = 2D0000000000000000000003 /* CryptoTokenKit.framework */; };
/* End PBXBuildFile section */

/* Begin PBXContainerItemProxy section */
		711598C8D01A878109DA1CFC /* PBXContainerItemProxy */ = {
			isa = PBXContainerItemProxy;
			containerPortal = 1D0000000000000000000001 /* Project object */;
			proxyType = 1;
			remoteGlobalIDString = 806E99C31A2DA667E67A9153;
			remoteInfo = RefineIDRappTokenExtension;
		};
		7D0000000000000000000001 /* PBXContainerItemProxy */ = {
			isa = PBXContainerItemProxy;
			containerPortal = 1D0000000000000000000001 /* Project object */;
			proxyType = 1;
			remoteGlobalIDString = 4D0000000000000000000002;
			remoteInfo = RefineIDTokenExtension;
		};
		7D0000000000000000000003 /* PBXContainerItemProxy */ = {
			isa = PBXContainerItemProxy;
			containerPortal = 1D0000000000000000000001 /* Project object */;
			proxyType = 1;
			remoteGlobalIDString = 4D0000000000000000000004;
			remoteInfo = RefineIDDiscoveryExtension;
		};
		7D0000000000000000000005 /* PBXContainerItemProxy */ = {
			isa = PBXContainerItemProxy;
			containerPortal = 1D0000000000000000000001 /* Project object */;
			proxyType = 1;
			remoteGlobalIDString = 4D0000000000000000000001;
			remoteInfo = RefineID;
		};
		BD0000000000000000000006 /* PBXContainerItemProxy */ = {
			isa = PBXContainerItemProxy;
			containerPortal = 1D0000000000000000000001 /* Project object */;
			proxyType = 1;
			remoteGlobalIDString = 4D0000000000000000000001;
			remoteInfo = RefineID;
		};
/* End PBXContainerItemProxy section */

/* Begin PBXCopyFilesBuildPhase section */
		5D0000000000000000000004 /* Embed Foundation Extensions */ = {
			isa = PBXCopyFilesBuildPhase;
			buildActionMask = 2147483647;
			dstPath = "";
			dstSubfolderSpec = 13;
			files = (
				6D0000000000000000000003 /* RefineIDTokenExtension.appex in Embed Foundation Extensions */,
				6D000000000000000000000A /* RefineIDDiscoveryExtension.appex in Embed Foundation Extensions */,
				D8D396B5E12DA372E43BD5D3 /* RefineIDRappTokenExtension.appex in Embed Foundation Extensions */,
			);
			name = "Embed Foundation Extensions";
			runOnlyForDeploymentPostprocessing = 0;
		};
/* End PBXCopyFilesBuildPhase section */

/* Begin PBXFileReference section */
		2D0000000000000000000001 /* RefineID.app */ = {isa = PBXFileReference; explicitFileType = wrapper.application; includeInIndex = 0; path = RefineID.app; sourceTree = BUILT_PRODUCTS_DIR; };
		2D0000000000000000000002 /* RefineIDTokenExtension.appex */ = {isa = PBXFileReference; explicitFileType = "wrapper.app-extension"; includeInIndex = 0; path = RefineIDTokenExtension.appex; sourceTree = BUILT_PRODUCTS_DIR; };
		2D0000000000000000000003 /* CryptoTokenKit.framework */ = {isa = PBXFileReference; lastKnownFileType = wrapper.framework; name = CryptoTokenKit.framework; path = System/Library/Frameworks/CryptoTokenKit.framework; sourceTree = SDKROOT; };
		2D0000000000000000000004 /* RefineID.entitlements */ = {isa = PBXFileReference; lastKnownFileType = text.plist.entitlements; path = RefineID.entitlements; sourceTree = "<group>"; };
		2D0000000000000000000005 /* TokenExtension.entitlements */ = {isa = PBXFileReference; lastKnownFileType = text.plist.entitlements; path = TokenExtension.entitlements; sourceTree = "<group>"; };
		2D0000000000000000000006 /* RefineID-Info.plist */ = {isa = PBXFileReference; lastKnownFileType = text.plist.xml; path = "RefineID-Info.plist"; sourceTree = "<group>"; };
		2D0000000000000000000007 /* TokenExtension-Info.plist */ = {isa = PBXFileReference; lastKnownFileType = text.plist.xml; path = "TokenExtension-Info.plist"; sourceTree = "<group>"; };
		2D0000000000000000000008 /* PrivacyInfo.xcprivacy */ = {isa = PBXFileReference; lastKnownFileType = text.plist.xml; path = PrivacyInfo.xcprivacy; sourceTree = "<group>"; };
		2D0000000000000000000009 /* CardCoreTests.xctest */ = {isa = PBXFileReference; explicitFileType = wrapper.cfbundle; includeInIndex = 0; path = CardCoreTests.xctest; sourceTree = BUILT_PRODUCTS_DIR; };
		2D000000000000000000000A /* RefineIDDiscoveryExtension.appex */ = {isa = PBXFileReference; explicitFileType = "wrapper.app-extension"; includeInIndex = 0; path = RefineIDDiscoveryExtension.appex; sourceTree = BUILT_PRODUCTS_DIR; };
		2D000000000000000000000B /* DiscoveryExtension-Info.plist */ = {isa = PBXFileReference; lastKnownFileType = text.plist.xml; path = "DiscoveryExtension-Info.plist"; sourceTree = "<group>"; };
		2D000000000000000000000C /* DiscoveryExtension.entitlements */ = {isa = PBXFileReference; lastKnownFileType = text.plist.entitlements; path = DiscoveryExtension.entitlements; sourceTree = "<group>"; };
		2D000000000000000000000D /* DiscoveryExtension-iOS.entitlements */ = {isa = PBXFileReference; lastKnownFileType = text.plist.entitlements; path = "DiscoveryExtension-iOS.entitlements"; sourceTree = "<group>"; };
		2D000000000000000000000E /* RefineIDUITests.xctest */ = {isa = PBXFileReference; explicitFileType = wrapper.cfbundle; includeInIndex = 0; path = RefineIDUITests.xctest; sourceTree = BUILT_PRODUCTS_DIR; };
		2D0000000000000000000013 /* Version.xcconfig */ = {isa = PBXFileReference; lastKnownFileType = text.xcconfig; path = Version.xcconfig; sourceTree = "<group>"; };
		2D0000000000000000000014 /* RefineID-iOS-Info.plist */ = {isa = PBXFileReference; lastKnownFileType = text.plist.xml; path = "RefineID-iOS-Info.plist"; sourceTree = "<group>"; };
		3D00000000000000000000AB /* RefineID-iOS-Store-Info.plist */ = {isa = PBXFileReference; lastKnownFileType = text.plist.xml; path = "RefineID-iOS-Store-Info.plist"; sourceTree = "<group>"; };
		5ADED64532B13872419C7B30 /* RefineIDRappTokenExtension.appex */ = {isa = PBXFileReference; explicitFileType = "wrapper.app-extension"; includeInIndex = 0; path = RefineIDRappTokenExtension.appex; sourceTree = BUILT_PRODUCTS_DIR; };
		BD0000000000000000000001 /* RefineIDTests.xctest */ = {isa = PBXFileReference; explicitFileType = wrapper.cfbundle; includeInIndex = 0; path = RefineIDTests.xctest; sourceTree = BUILT_PRODUCTS_DIR; };
/* End PBXFileReference section */

/* Begin PBXFileSystemSynchronizedRootGroup section */
		3D0000000000000000000001 /* App */ = {
			isa = PBXFileSystemSynchronizedRootGroup;
			path = App;
			sourceTree = "<group>";
		};
		3D0000000000000000000002 /* TokenExtension */ = {
			isa = PBXFileSystemSynchronizedRootGroup;
			path = TokenExtension;
			sourceTree = "<group>";
		};
		3D0000000000000000000003 /* CardCoreTests */ = {
			isa = PBXFileSystemSynchronizedRootGroup;
			path = CardCoreTests;
			sourceTree = "<group>";
		};
		3D0000000000000000000004 /* DiscoveryExtension */ = {
			isa = PBXFileSystemSynchronizedRootGroup;
			path = DiscoveryExtension;
			sourceTree = "<group>";
		};
		3D0000000000000000000005 /* RefineIDUITests */ = {
			isa = PBXFileSystemSynchronizedRootGroup;
			path = RefineIDUITests;
			sourceTree = "<group>";
		};
		721332542F5154E8E8C01D4B /* RappTokenExtension */ = {
			isa = PBXFileSystemSynchronizedRootGroup;
			path = RappTokenExtension;
			sourceTree = "<group>";
		};
		BD0000000000000000000002 /* RefineIDTests */ = {
			isa = PBXFileSystemSynchronizedRootGroup;
			path = RefineIDTests;
			sourceTree = "<group>";
		};
/* End PBXFileSystemSynchronizedRootGroup section */

/* Begin PBXFrameworksBuildPhase section */
		5D0000000000000000000002 /* Frameworks */ = {
			isa = PBXFrameworksBuildPhase;
			buildActionMask = 2147483647;
			files = (
				6D0000000000000000000004 /* CardCore in Frameworks */,
			);
			runOnlyForDeploymentPostprocessing = 0;
		};
		5D0000000000000000000006 /* Frameworks */ = {
			isa = PBXFrameworksBuildPhase;
			buildActionMask = 2147483647;
			files = (
				6D0000000000000000000001 /* CryptoTokenKit.framework in Frameworks */,
				6D0000000000000000000005 /* CardCore in Frameworks */,
			);
			runOnlyForDeploymentPostprocessing = 0;
		};
		5D0000000000000000000009 /* Frameworks */ = {
			isa = PBXFrameworksBuildPhase;
			buildActionMask = 2147483647;
			files = (
				6D0000000000000000000008 /* CardCore in Frameworks */,
			);
			runOnlyForDeploymentPostprocessing = 0;
		};
		5D000000000000000000000B /* Frameworks */ = {
			isa = PBXFrameworksBuildPhase;
			buildActionMask = 2147483647;
			files = (
				6D0000000000000000000009 /* CryptoTokenKit.framework in Frameworks */,
				6D000000000000000000000C /* CardCore in Frameworks */,
			);
			runOnlyForDeploymentPostprocessing = 0;
		};
		BD0000000000000000000004 /* Frameworks */ = {
			isa = PBXFrameworksBuildPhase;
			buildActionMask = 2147483647;
			files = (
				BD0000000000000000000008 /* CardCore in Frameworks */,
			);
			runOnlyForDeploymentPostprocessing = 0;
		};
		FD93ABA1B3B75DAD162B882D /* Frameworks */ = {
			isa = PBXFrameworksBuildPhase;
			buildActionMask = 2147483647;
			files = (
				DC4E6B27DAEFC74447BC438F /* CardCore in Frameworks */,
				FE9FF60F2BD451120817294F /* CryptoTokenKit.framework in Frameworks */,
			);
			runOnlyForDeploymentPostprocessing = 0;
		};
/* End PBXFrameworksBuildPhase section */

/* Begin PBXGroup section */
		1D0000000000000000000002 = {
			isa = PBXGroup;
			children = (
				2D0000000000000000000013 /* Version.xcconfig */,
				1D0000000000000000000004 /* Sources */,
				1D0000000000000000000007 /* Tests */,
				1D0000000000000000000005 /* Config */,
				1D0000000000000000000006 /* Frameworks */,
				1D0000000000000000000003 /* Products */,
			);
			sourceTree = "<group>";
		};
		1D0000000000000000000003 /* Products */ = {
			isa = PBXGroup;
			children = (
				2D0000000000000000000001 /* RefineID.app */,
				2D0000000000000000000002 /* RefineIDTokenExtension.appex */,
				2D000000000000000000000A /* RefineIDDiscoveryExtension.appex */,
				2D0000000000000000000009 /* CardCoreTests.xctest */,
				BD0000000000000000000001 /* RefineIDTests.xctest */,
				2D000000000000000000000E /* RefineIDUITests.xctest */,
				5ADED64532B13872419C7B30 /* RefineIDRappTokenExtension.appex */,
			);
			name = Products;
			sourceTree = "<group>";
		};
		1D0000000000000000000004 /* Sources */ = {
			isa = PBXGroup;
			children = (
				3D0000000000000000000001 /* App */,
				3D0000000000000000000002 /* TokenExtension */,
				3D0000000000000000000004 /* DiscoveryExtension */,
				721332542F5154E8E8C01D4B /* RappTokenExtension */,
			);
			path = Sources;
			sourceTree = "<group>";
		};
		1D0000000000000000000005 /* Config */ = {
			isa = PBXGroup;
			children = (
				2D0000000000000000000004 /* RefineID.entitlements */,
				2D0000000000000000000006 /* RefineID-Info.plist */,
				2D0000000000000000000014 /* RefineID-iOS-Info.plist */,
				3D00000000000000000000AB /* RefineID-iOS-Store-Info.plist */,
				2D0000000000000000000005 /* TokenExtension.entitlements */,
				2D0000000000000000000007 /* TokenExtension-Info.plist */,
				2D000000000000000000000B /* DiscoveryExtension-Info.plist */,
				2D000000000000000000000C /* DiscoveryExtension.entitlements */,
				2D000000000000000000000D /* DiscoveryExtension-iOS.entitlements */,
				2D0000000000000000000008 /* PrivacyInfo.xcprivacy */,
			);
			path = Config;
			sourceTree = "<group>";
		};
		1D0000000000000000000006 /* Frameworks */ = {
			isa = PBXGroup;
			children = (
				2D0000000000000000000003 /* CryptoTokenKit.framework */,
				40AD1C83C8A2CAF26AFF31A1 /* OS X */,
			);
			name = Frameworks;
			sourceTree = "<group>";
		};
		1D0000000000000000000007 /* Tests */ = {
			isa = PBXGroup;
			children = (
				3D0000000000000000000003 /* CardCoreTests */,
				BD0000000000000000000002 /* RefineIDTests */,
				3D0000000000000000000005 /* RefineIDUITests */,
			);
			path = Tests;
			sourceTree = "<group>";
		};
		40AD1C83C8A2CAF26AFF31A1 /* OS X */ = {
			isa = PBXGroup;
			children = (
			);
			name = "OS X";
			sourceTree = "<group>";
		};
/* End PBXGroup section */

/* Begin PBXNativeTarget section */
		4D0000000000000000000001 /* RefineID */ = {
			isa = PBXNativeTarget;
			buildConfigurationList = 9D0000000000000000000002 /* Build configuration list for PBXNativeTarget "RefineID" */;
			buildPhases = (
				5D0000000000000000000001 /* Sources */,
				5D0000000000000000000002 /* Frameworks */,
				5D0000000000000000000003 /* Resources */,
				5D0000000000000000000004 /* Embed Foundation Extensions */,
			);
			buildRules = (
			);
			dependencies = (
				7D0000000000000000000002 /* PBXTargetDependency */,
				7D0000000000000000000004 /* PBXTargetDependency */,
				1191EA78C0F70C629152DE1A /* PBXTargetDependency */,
			);
			fileSystemSynchronizedGroups = (
				3D0000000000000000000001 /* App */,
			);
			name = RefineID;
			packageProductDependencies = (
				AD0000000000000000000002 /* CardCore */,
			);
			productName = RefineID;
			productReference = 2D0000000000000000000001 /* RefineID.app */;
			productType = "com.apple.product-type.application";
		};
		4D0000000000000000000002 /* RefineIDTokenExtension */ = {
			isa = PBXNativeTarget;
			buildConfigurationList = 9D0000000000000000000003 /* Build configuration list for PBXNativeTarget "RefineIDTokenExtension" */;
			buildPhases = (
				5D0000000000000000000005 /* Sources */,
				5D0000000000000000000006 /* Frameworks */,
				5D0000000000000000000007 /* Resources */,
			);
			buildRules = (
			);
			dependencies = (
			);
			fileSystemSynchronizedGroups = (
				3D0000000000000000000002 /* TokenExtension */,
			);
			name = RefineIDTokenExtension;
			packageProductDependencies = (
				AD0000000000000000000003 /* CardCore */,
			);
			productName = RefineIDTokenExtension;
			productReference = 2D0000000000000000000002 /* RefineIDTokenExtension.appex */;
			productType = "com.apple.product-type.app-extension";
		};
		4D0000000000000000000003 /* CardCoreTests */ = {
			isa = PBXNativeTarget;
			buildConfigurationList = 9D0000000000000000000004 /* Build configuration list for PBXNativeTarget "CardCoreTests" */;
			buildPhases = (
				5D0000000000000000000008 /* Sources */,
				5D0000000000000000000009 /* Frameworks */,
			);
			buildRules = (
			);
			dependencies = (
			);
			fileSystemSynchronizedGroups = (
				3D0000000000000000000003 /* CardCoreTests */,
			);
			name = CardCoreTests;
			packageProductDependencies = (
				AD0000000000000000000004 /* CardCore */,
			);
			productName = CardCoreTests;
			productReference = 2D0000000000000000000009 /* CardCoreTests.xctest */;
			productType = "com.apple.product-type.bundle.unit-test";
		};
		4D0000000000000000000004 /* RefineIDDiscoveryExtension */ = {
			isa = PBXNativeTarget;
			buildConfigurationList = 9D0000000000000000000005 /* Build configuration list for PBXNativeTarget "RefineIDDiscoveryExtension" */;
			buildPhases = (
				5D000000000000000000000A /* Sources */,
				5D000000000000000000000B /* Frameworks */,
				5D000000000000000000000C /* Resources */,
			);
			buildRules = (
			);
			dependencies = (
			);
			fileSystemSynchronizedGroups = (
				3D0000000000000000000004 /* DiscoveryExtension */,
			);
			name = RefineIDDiscoveryExtension;
			packageProductDependencies = (
				AD0000000000000000000005 /* CardCore */,
			);
			productName = RefineIDDiscoveryExtension;
			productReference = 2D000000000000000000000A /* RefineIDDiscoveryExtension.appex */;
			productType = "com.apple.product-type.app-extension";
		};
		4D0000000000000000000005 /* RefineIDUITests */ = {
			isa = PBXNativeTarget;
			buildConfigurationList = 9D0000000000000000000006 /* Build configuration list for PBXNativeTarget "RefineIDUITests" */;
			buildPhases = (
				5D000000000000000000000D /* Sources */,
			);
			buildRules = (
			);
			dependencies = (
				7D0000000000000000000006 /* PBXTargetDependency */,
			);
			fileSystemSynchronizedGroups = (
				3D0000000000000000000005 /* RefineIDUITests */,
			);
			name = RefineIDUITests;
			productName = RefineIDUITests;
			productReference = 2D000000000000000000000E /* RefineIDUITests.xctest */;
			productType = "com.apple.product-type.bundle.ui-testing";
		};
		806E99C31A2DA667E67A9153 /* RefineIDRappTokenExtension */ = {
			isa = PBXNativeTarget;
			buildConfigurationList = 9601D3F8E17F8F36296D4CE8 /* Build configuration list for PBXNativeTarget "RefineIDRappTokenExtension" */;
			buildPhases = (
				C83B090A3FCBF4A654937454 /* Sources */,
				FD93ABA1B3B75DAD162B882D /* Frameworks */,
				30B3DB46BD64982F5120A5A9 /* Resources */,
			);
			buildRules = (
			);
			dependencies = (
			);
			fileSystemSynchronizedGroups = (
				721332542F5154E8E8C01D4B /* RappTokenExtension */,
			);
			name = RefineIDRappTokenExtension;
			packageProductDependencies = (
				7298DA08AF9815CC40D89601 /* CardCore */,
			);
			productName = RefineIDRappTokenExtension;
			productReference = 5ADED64532B13872419C7B30 /* RefineIDRappTokenExtension.appex */;
			productType = "com.apple.product-type.app-extension";
		};
		BD0000000000000000000005 /* RefineIDTests */ = {
			isa = PBXNativeTarget;
			buildConfigurationList = BF0000000000000000000001 /* Build configuration list for PBXNativeTarget "RefineIDTests" */;
			buildPhases = (
				BD0000000000000000000003 /* Sources */,
				BD0000000000000000000004 /* Frameworks */,
			);
			buildRules = (
			);
			dependencies = (
				BD0000000000000000000007 /* PBXTargetDependency */,
			);
			fileSystemSynchronizedGroups = (
				BD0000000000000000000002 /* RefineIDTests */,
			);
			name = RefineIDTests;
			packageProductDependencies = (
				AD0000000000000000000006 /* CardCore */,
			);
			productName = RefineIDTests;
			productReference = BD0000000000000000000001 /* RefineIDTests.xctest */;
			productType = "com.apple.product-type.bundle.unit-test";
		};
/* End PBXNativeTarget section */

/* Begin PBXProject section */
		1D0000000000000000000001 /* Project object */ = {
			isa = PBXProject;
			attributes = {
				BuildIndependentTargetsInParallel = 1;
				LastUpgradeCheck = 2660;
				TargetAttributes = {
					4D0000000000000000000001 = {
						CreatedOnToolsVersion = 26.6;
					};
					4D0000000000000000000002 = {
						CreatedOnToolsVersion = 26.6;
					};
					4D0000000000000000000004 = {
						CreatedOnToolsVersion = 26.6;
					};
					4D0000000000000000000005 = {
						CreatedOnToolsVersion = 26.6;
						TestTargetID = 4D0000000000000000000001;
					};
					BD0000000000000000000005 = {
						CreatedOnToolsVersion = 26.6;
						TestTargetID = 4D0000000000000000000001;
					};
				};
			};
			buildConfigurationList = 9D0000000000000000000001 /* Build configuration list for PBXProject "RefineID" */;
			developmentRegion = en;
			hasScannedForEncodings = 0;
			knownRegions = (
				en,
				fi,
				sv,
				Base,
			);
			mainGroup = 1D0000000000000000000002;
			minimizedProjectReferenceProxies = 1;
			packageReferences = (
				AD0000000000000000000001 /* XCLocalSwiftPackageReference "CardCore" */,
			);
			preferredProjectObjectVersion = 77;
			productRefGroup = 1D0000000000000000000003 /* Products */;
			projectDirPath = "";
			projectRoot = "";
			targets = (
				4D0000000000000000000001 /* RefineID */,
				4D0000000000000000000002 /* RefineIDTokenExtension */,
				4D0000000000000000000004 /* RefineIDDiscoveryExtension */,
				4D0000000000000000000003 /* CardCoreTests */,
				BD0000000000000000000005 /* RefineIDTests */,
				4D0000000000000000000005 /* RefineIDUITests */,
				806E99C31A2DA667E67A9153 /* RefineIDRappTokenExtension */,
			);
		};
/* End PBXProject section */

/* Begin PBXResourcesBuildPhase section */
		30B3DB46BD64982F5120A5A9 /* Resources */ = {
			isa = PBXResourcesBuildPhase;
			buildActionMask = 2147483647;
			files = (
			);
			runOnlyForDeploymentPostprocessing = 0;
		};
		5D0000000000000000000003 /* Resources */ = {
			isa = PBXResourcesBuildPhase;
			buildActionMask = 2147483647;
			files = (
				6D0000000000000000000006 /* PrivacyInfo.xcprivacy in Resources */,
			);
			runOnlyForDeploymentPostprocessing = 0;
		};
		5D0000000000000000000007 /* Resources */ = {
			isa = PBXResourcesBuildPhase;
			buildActionMask = 2147483647;
			files = (
				6D0000000000000000000007 /* PrivacyInfo.xcprivacy in Resources */,
			);
			runOnlyForDeploymentPostprocessing = 0;
		};
		5D000000000000000000000C /* Resources */ = {
			isa = PBXResourcesBuildPhase;
			buildActionMask = 2147483647;
			files = (
				6D000000000000000000000B /* PrivacyInfo.xcprivacy in Resources */,
			);
			runOnlyForDeploymentPostprocessing = 0;
		};
/* End PBXResourcesBuildPhase section */

/* Begin PBXSourcesBuildPhase section */
		5D0000000000000000000001 /* Sources */ = {
			isa = PBXSourcesBuildPhase;
			buildActionMask = 2147483647;
			files = (
			);
			runOnlyForDeploymentPostprocessing = 0;
		};
		5D0000000000000000000005 /* Sources */ = {
			isa = PBXSourcesBuildPhase;
			buildActionMask = 2147483647;
			files = (
			);
			runOnlyForDeploymentPostprocessing = 0;
		};
		5D0000000000000000000008 /* Sources */ = {
			isa = PBXSourcesBuildPhase;
			buildActionMask = 2147483647;
			files = (
			);
			runOnlyForDeploymentPostprocessing = 0;
		};
		5D000000000000000000000A /* Sources */ = {
			isa = PBXSourcesBuildPhase;
			buildActionMask = 2147483647;
			files = (
			);
			runOnlyForDeploymentPostprocessing = 0;
		};
		5D000000000000000000000D /* Sources */ = {
			isa = PBXSourcesBuildPhase;
			buildActionMask = 2147483647;
			files = (
			);
			runOnlyForDeploymentPostprocessing = 0;
		};
		BD0000000000000000000003 /* Sources */ = {
			isa = PBXSourcesBuildPhase;
			buildActionMask = 2147483647;
			files = (
			);
			runOnlyForDeploymentPostprocessing = 0;
		};
		C83B090A3FCBF4A654937454 /* Sources */ = {
			isa = PBXSourcesBuildPhase;
			buildActionMask = 2147483647;
			files = (
			);
			runOnlyForDeploymentPostprocessing = 0;
		};
/* End PBXSourcesBuildPhase section */

/* Begin PBXTargetDependency section */
		1191EA78C0F70C629152DE1A /* PBXTargetDependency */ = {
			isa = PBXTargetDependency;
			name = RefineIDRappTokenExtension;
			target = 806E99C31A2DA667E67A9153 /* RefineIDRappTokenExtension */;
			targetProxy = 711598C8D01A878109DA1CFC /* PBXContainerItemProxy */;
		};
		7D0000000000000000000002 /* PBXTargetDependency */ = {
			isa = PBXTargetDependency;
			target = 4D0000000000000000000002 /* RefineIDTokenExtension */;
			targetProxy = 7D0000000000000000000001 /* PBXContainerItemProxy */;
		};
		7D0000000000000000000004 /* PBXTargetDependency */ = {
			isa = PBXTargetDependency;
			target = 4D0000000000000000000004 /* RefineIDDiscoveryExtension */;
			targetProxy = 7D0000000000000000000003 /* PBXContainerItemProxy */;
		};
		7D0000000000000000000006 /* PBXTargetDependency */ = {
			isa = PBXTargetDependency;
			target = 4D0000000000000000000001 /* RefineID */;
			targetProxy = 7D0000000000000000000005 /* PBXContainerItemProxy */;
		};
		BD0000000000000000000007 /* PBXTargetDependency */ = {
			isa = PBXTargetDependency;
			target = 4D0000000000000000000001 /* RefineID */;
			targetProxy = BD0000000000000000000006 /* PBXContainerItemProxy */;
		};
/* End PBXTargetDependency section */

/* Begin XCBuildConfiguration section */
		0B412E731403BEF31DD5CDFB /* Release */ = {
			isa = XCBuildConfiguration;
			buildSettings = {
				CODE_SIGN_ENTITLEMENTS = "Config/RappTokenExtension-iOS.entitlements";
				"CODE_SIGN_ENTITLEMENTS[sdk=macosx*]" = Config/RappTokenExtension.entitlements;
				CODE_SIGN_STYLE = Automatic;
				COMBINE_HIDPI_IMAGES = YES;
				ENABLE_APP_SANDBOX = YES;
				ENABLE_HARDENED_RUNTIME = YES;
				GENERATE_INFOPLIST_FILE = YES;
				INFOPLIST_FILE = "Config/RappTokenExtension-Info.plist";
				INFOPLIST_KEY_CFBundleDisplayName = "RefineID Token";
				INFOPLIST_KEY_NSHumanReadableCopyright = "Copyright 2026 Petri Koistinen";
				LD_RUNPATH_SEARCH_PATHS = (
					"$(inherited)",
					"@executable_path/../../Frameworks",
				);
				"LD_RUNPATH_SEARCH_PATHS[sdk=macosx*]" = (
					"$(inherited)",
					"@executable_path/../Frameworks",
					"@executable_path/../../../../Frameworks",
				);
				PRODUCT_BUNDLE_IDENTIFIER = "fi.refineid.refineid.rapp-token";
				PRODUCT_MODULE_NAME = RefineIDRappTokenExtension;
				PRODUCT_NAME = "$(TARGET_NAME)";
				SDKROOT = auto;
				SKIP_INSTALL = YES;
				SUPPORTED_PLATFORMS = "iphoneos iphonesimulator macosx";
				SWIFT_EMIT_LOC_STRINGS = YES;
			};
			name = Release;
		};
		8D0000000000000000000001 /* Debug */ = {
			isa = XCBuildConfiguration;
			baseConfigurationReference = 2D0000000000000000000013 /* Version.xcconfig */;
			buildSettings = {
				ALWAYS_SEARCH_USER_PATHS = NO;
				"ARCHS[sdk=macosx*]" = arm64;
				ASSETCATALOG_COMPILER_GENERATE_SWIFT_ASSET_SYMBOL_EXTENSIONS = YES;
				CLANG_ANALYZER_NONNULL = YES;
				CLANG_ANALYZER_NUMBER_OBJECT_CONVERSION = YES_AGGRESSIVE;
				CLANG_ENABLE_MODULES = YES;
				CLANG_ENABLE_OBJC_ARC = YES;
				CLANG_ENABLE_OBJC_WEAK = YES;
				CLANG_WARN_BLOCK_CAPTURE_AUTORELEASING = YES;
				CLANG_WARN_BOOL_CONVERSION = YES;
				CLANG_WARN_COMMA = YES;
				CLANG_WARN_CONSTANT_CONVERSION = YES;
				CLANG_WARN_DEPRECATED_OBJC_IMPLEMENTATIONS = YES;
				CLANG_WARN_DIRECT_OBJC_ISA_USAGE = YES_ERROR;
				CLANG_WARN_DOCUMENTATION_COMMENTS = YES;
				CLANG_WARN_DUPLICATE_METHOD_MATCH = YES;
				CLANG_WARN_EMPTY_BODY = YES;
				CLANG_WARN_ENUM_CONVERSION = YES;
				CLANG_WARN_INFINITE_RECURSION = YES;
				CLANG_WARN_INT_CONVERSION = YES;
				CLANG_WARN_NON_LITERAL_NULL_CONVERSION = YES;
				CLANG_WARN_OBJC_IMPLICIT_RETAIN_SELF = YES;
				CLANG_WARN_OBJC_LITERAL_CONVERSION = YES;
				CLANG_WARN_OBJC_ROOT_CLASS = YES_ERROR;
				CLANG_WARN_QUOTED_INCLUDE_IN_FRAMEWORK_HEADER = YES;
				CLANG_WARN_RANGE_LOOP_ANALYSIS = YES;
				CLANG_WARN_STRICT_PROTOTYPES = YES;
				CLANG_WARN_SUSPICIOUS_MOVE = YES;
				CLANG_WARN_UNGUARDED_AVAILABILITY = YES_AGGRESSIVE;
				CLANG_WARN_UNREACHABLE_CODE = YES;
				CLANG_WARN__DUPLICATE_METHOD_MATCH = YES;
				COPY_PHASE_STRIP = NO;
				DEBUG_INFORMATION_FORMAT = dwarf;
				ENABLE_STRICT_OBJC_MSGSEND = YES;
				ENABLE_TESTABILITY = YES;
				ENABLE_USER_SCRIPT_SANDBOXING = YES;
				GCC_C_LANGUAGE_STANDARD = gnu17;
				GCC_DYNAMIC_NO_PIC = NO;
				GCC_NO_COMMON_BLOCKS = YES;
				GCC_OPTIMIZATION_LEVEL = 0;
				GCC_PREPROCESSOR_DEFINITIONS = (
					"DEBUG=1",
					"$(inherited)",
				);
				GCC_TREAT_WARNINGS_AS_ERRORS = YES;
				GCC_WARN_64_TO_32_BIT_CONVERSION = YES;
				GCC_WARN_ABOUT_RETURN_TYPE = YES_ERROR;
				GCC_WARN_UNDECLARED_SELECTOR = YES;
				GCC_WARN_UNINITIALIZED_AUTOS = YES_AGGRESSIVE;
				GCC_WARN_UNUSED_FUNCTION = YES;
				GCC_WARN_UNUSED_VARIABLE = YES;
				LOCALIZATION_PREFERS_STRING_CATALOGS = YES;
				MACOSX_DEPLOYMENT_TARGET = 26.0;
				ONLY_ACTIVE_ARCH = YES;
				OTHER_SWIFT_FLAGS = "-warnings-as-errors";
				RUN_CLANG_STATIC_ANALYZER = YES;
				SDKROOT = macosx;
				SWIFT_ACTIVE_COMPILATION_CONDITIONS = "DEBUG $(inherited)";
				SWIFT_OPTIMIZATION_LEVEL = "-Onone";
				SWIFT_STRICT_CONCURRENCY = complete;
				SWIFT_SUPPRESS_WARNINGS = NO;
				SWIFT_TREAT_WARNINGS_AS_ERRORS = YES;
				SWIFT_VERSION = 6.0;
			};
			name = Debug;
		};
		8D0000000000000000000002 /* TestFlight */ = {
			isa = XCBuildConfiguration;
			baseConfigurationReference = 2D0000000000000000000013 /* Version.xcconfig */;
			buildSettings = {
				ALWAYS_SEARCH_USER_PATHS = NO;
				"ARCHS[sdk=macosx*]" = arm64;
				ASSETCATALOG_COMPILER_GENERATE_SWIFT_ASSET_SYMBOL_EXTENSIONS = YES;
				CLANG_ANALYZER_NONNULL = YES;
				CLANG_ANALYZER_NUMBER_OBJECT_CONVERSION = YES_AGGRESSIVE;
				CLANG_ENABLE_MODULES = YES;
				CLANG_ENABLE_OBJC_ARC = YES;
				CLANG_ENABLE_OBJC_WEAK = YES;
				CLANG_WARN_BLOCK_CAPTURE_AUTORELEASING = YES;
				CLANG_WARN_BOOL_CONVERSION = YES;
				CLANG_WARN_COMMA = YES;
				CLANG_WARN_CONSTANT_CONVERSION = YES;
				CLANG_WARN_DEPRECATED_OBJC_IMPLEMENTATIONS = YES;
				CLANG_WARN_DIRECT_OBJC_ISA_USAGE = YES_ERROR;
				CLANG_WARN_DOCUMENTATION_COMMENTS = YES;
				CLANG_WARN_DUPLICATE_METHOD_MATCH = YES;
				CLANG_WARN_EMPTY_BODY = YES;
				CLANG_WARN_ENUM_CONVERSION = YES;
				CLANG_WARN_INFINITE_RECURSION = YES;
				CLANG_WARN_INT_CONVERSION = YES;
				CLANG_WARN_NON_LITERAL_NULL_CONVERSION = YES;
				CLANG_WARN_OBJC_IMPLICIT_RETAIN_SELF = YES;
				CLANG_WARN_OBJC_LITERAL_CONVERSION = YES;
				CLANG_WARN_OBJC_ROOT_CLASS = YES_ERROR;
				CLANG_WARN_QUOTED_INCLUDE_IN_FRAMEWORK_HEADER = YES;
				CLANG_WARN_RANGE_LOOP_ANALYSIS = YES;
				CLANG_WARN_STRICT_PROTOTYPES = YES;
				CLANG_WARN_SUSPICIOUS_MOVE = YES;
				CLANG_WARN_UNGUARDED_AVAILABILITY = YES_AGGRESSIVE;
				CLANG_WARN_UNREACHABLE_CODE = YES;
				CLANG_WARN__DUPLICATE_METHOD_MATCH = YES;
				COPY_PHASE_STRIP = NO;
				DEBUG_INFORMATION_FORMAT = "dwarf-with-dsym";
				ENABLE_NS_ASSERTIONS = NO;
				ENABLE_STRICT_OBJC_MSGSEND = YES;
				ENABLE_USER_SCRIPT_SANDBOXING = YES;
				GCC_C_LANGUAGE_STANDARD = gnu17;
				GCC_NO_COMMON_BLOCKS = YES;
				GCC_TREAT_WARNINGS_AS_ERRORS = YES;
				GCC_WARN_64_TO_32_BIT_CONVERSION = YES;
				GCC_WARN_ABOUT_RETURN_TYPE = YES_ERROR;
				GCC_WARN_UNDECLARED_SELECTOR = YES;
				GCC_WARN_UNINITIALIZED_AUTOS = YES_AGGRESSIVE;
				GCC_WARN_UNUSED_FUNCTION = YES;
				GCC_WARN_UNUSED_VARIABLE = YES;
				LOCALIZATION_PREFERS_STRING_CATALOGS = YES;
				MACOSX_DEPLOYMENT_TARGET = 26.0;
				OTHER_SWIFT_FLAGS = "-warnings-as-errors";
				RUN_CLANG_STATIC_ANALYZER = YES;
				SDKROOT = macosx;
				SWIFT_ACTIVE_COMPILATION_CONDITIONS = "TESTFLIGHT $(inherited)";
				SWIFT_COMPILATION_MODE = wholemodule;
				SWIFT_STRICT_CONCURRENCY = complete;
				SWIFT_SUPPRESS_WARNINGS = NO;
				SWIFT_TREAT_WARNINGS_AS_ERRORS = YES;
				SWIFT_VERSION = 6.0;
			};
			name = TestFlight;
		};
		8D0000000000000000000003 /* Release */ = {
			isa = XCBuildConfiguration;
			baseConfigurationReference = 2D0000000000000000000013 /* Version.xcconfig */;
			buildSettings = {
				ALWAYS_SEARCH_USER_PATHS = NO;
				"ARCHS[sdk=macosx*]" = arm64;
				ASSETCATALOG_COMPILER_GENERATE_SWIFT_ASSET_SYMBOL_EXTENSIONS = YES;
				CLANG_ANALYZER_NONNULL = YES;
				CLANG_ANALYZER_NUMBER_OBJECT_CONVERSION = YES_AGGRESSIVE;
				CLANG_ENABLE_MODULES = YES;
				CLANG_ENABLE_OBJC_ARC = YES;
				CLANG_ENABLE_OBJC_WEAK = YES;
				CLANG_WARN_BLOCK_CAPTURE_AUTORELEASING = YES;
				CLANG_WARN_BOOL_CONVERSION = YES;
				CLANG_WARN_COMMA = YES;
				CLANG_WARN_CONSTANT_CONVERSION = YES;
				CLANG_WARN_DEPRECATED_OBJC_IMPLEMENTATIONS = YES;
				CLANG_WARN_DIRECT_OBJC_ISA_USAGE = YES_ERROR;
				CLANG_WARN_DOCUMENTATION_COMMENTS = YES;
				CLANG_WARN_DUPLICATE_METHOD_MATCH = YES;
				CLANG_WARN_EMPTY_BODY = YES;
				CLANG_WARN_ENUM_CONVERSION = YES;
				CLANG_WARN_INFINITE_RECURSION = YES;
				CLANG_WARN_INT_CONVERSION = YES;
				CLANG_WARN_NON_LITERAL_NULL_CONVERSION = YES;
				CLANG_WARN_OBJC_IMPLICIT_RETAIN_SELF = YES;
				CLANG_WARN_OBJC_LITERAL_CONVERSION = YES;
				CLANG_WARN_OBJC_ROOT_CLASS = YES_ERROR;
				CLANG_WARN_QUOTED_INCLUDE_IN_FRAMEWORK_HEADER = YES;
				CLANG_WARN_RANGE_LOOP_ANALYSIS = YES;
				CLANG_WARN_STRICT_PROTOTYPES = YES;
				CLANG_WARN_SUSPICIOUS_MOVE = YES;
				CLANG_WARN_UNGUARDED_AVAILABILITY = YES_AGGRESSIVE;
				CLANG_WARN_UNREACHABLE_CODE = YES;
				CLANG_WARN__DUPLICATE_METHOD_MATCH = YES;
				COPY_PHASE_STRIP = NO;
				DEBUG_INFORMATION_FORMAT = "dwarf-with-dsym";
				ENABLE_NS_ASSERTIONS = NO;
				ENABLE_STRICT_OBJC_MSGSEND = YES;
				ENABLE_USER_SCRIPT_SANDBOXING = YES;
				GCC_C_LANGUAGE_STANDARD = gnu17;
				GCC_NO_COMMON_BLOCKS = YES;
				GCC_TREAT_WARNINGS_AS_ERRORS = YES;
				GCC_WARN_64_TO_32_BIT_CONVERSION = YES;
				GCC_WARN_ABOUT_RETURN_TYPE = YES_ERROR;
				GCC_WARN_UNDECLARED_SELECTOR = YES;
				GCC_WARN_UNINITIALIZED_AUTOS = YES_AGGRESSIVE;
				GCC_WARN_UNUSED_FUNCTION = YES;
				GCC_WARN_UNUSED_VARIABLE = YES;
				LOCALIZATION_PREFERS_STRING_CATALOGS = YES;
				MACOSX_DEPLOYMENT_TARGET = 26.0;
				OTHER_SWIFT_FLAGS = "-warnings-as-errors";
				RUN_CLANG_STATIC_ANALYZER = YES;
				SDKROOT = macosx;
				SWIFT_COMPILATION_MODE = wholemodule;
				SWIFT_STRICT_CONCURRENCY = complete;
				SWIFT_SUPPRESS_WARNINGS = NO;
				SWIFT_TREAT_WARNINGS_AS_ERRORS = YES;
				SWIFT_VERSION = 6.0;
			};
			name = Release;
		};
		8D0000000000000000000004 /* Debug */ = {
			isa = XCBuildConfiguration;
			buildSettings = {
				ASSETCATALOG_COMPILER_APPICON_NAME = AppIcon;
				CODE_SIGN_ENTITLEMENTS = "Config/RefineID-iOS.entitlements";
				"CODE_SIGN_ENTITLEMENTS[sdk=macosx*]" = Config/RefineID.entitlements;
				CODE_SIGN_STYLE = Automatic;
				COMBINE_HIDPI_IMAGES = YES;
				ENABLE_APP_SANDBOX = YES;
				ENABLE_HARDENED_RUNTIME = YES;
				ENABLE_PREVIEWS = YES;
				GENERATE_INFOPLIST_FILE = YES;
				INFOPLIST_FILE = "Config/RefineID-iOS-Info.plist";
				"INFOPLIST_FILE[sdk=macosx*]" = "Config/RefineID-Info.plist";
				INFOPLIST_KEY_CFBundleDisplayName = RefineID;
				INFOPLIST_KEY_LSApplicationCategoryType = "public.app-category.utilities";
				INFOPLIST_KEY_NSHumanReadableCopyright = "Copyright 2026 Petri Koistinen";
				INFOPLIST_KEY_UIApplicationSceneManifest_Generation = YES;
				INFOPLIST_KEY_UILaunchScreen_Generation = YES;
				INFOPLIST_KEY_UISupportedInterfaceOrientations_iPad = "UIInterfaceOrientationPortrait UIInterfaceOrientationPortraitUpsideDown UIInterfaceOrientationLandscapeLeft UIInterfaceOrientationLandscapeRight";
				INFOPLIST_KEY_UISupportedInterfaceOrientations_iPhone = "UIInterfaceOrientationPortrait UIInterfaceOrientationLandscapeLeft UIInterfaceOrientationLandscapeRight";
				LD_RUNPATH_SEARCH_PATHS = (
					"$(inherited)",
					"@executable_path/Frameworks",
				);
				"LD_RUNPATH_SEARCH_PATHS[sdk=macosx*]" = (
					"$(inherited)",
					"@executable_path/../Frameworks",
				);
				PRODUCT_BUNDLE_IDENTIFIER = fi.refineid.ReFineID;
				PRODUCT_NAME = "$(TARGET_NAME)";
				SDKROOT = auto;
				SUPPORTED_PLATFORMS = "iphoneos iphonesimulator macosx";
				SWIFT_EMIT_LOC_STRINGS = YES;
			};
			name = Debug;
		};
		8D0000000000000000000005 /* TestFlight */ = {
			isa = XCBuildConfiguration;
			buildSettings = {
				ASSETCATALOG_COMPILER_APPICON_NAME = AppIcon;
				CODE_SIGN_ENTITLEMENTS = "Config/RefineID-iOS.entitlements";
				"CODE_SIGN_ENTITLEMENTS[sdk=macosx*]" = Config/RefineID.entitlements;
				CODE_SIGN_STYLE = Automatic;
				COMBINE_HIDPI_IMAGES = YES;
				ENABLE_APP_SANDBOX = YES;
				ENABLE_HARDENED_RUNTIME = YES;
				ENABLE_PREVIEWS = YES;
				EXCLUDED_SOURCE_FILE_NAMES = (
					CardCapabilityProbe.swift,
					DiagnosticsClipboard.swift,
					DiagnosticsSnapshot.swift,
					DiagnosticsView.swift,
				);
				GENERATE_INFOPLIST_FILE = YES;
				INFOPLIST_FILE = "Config/RefineID-iOS-Info.plist";
				"INFOPLIST_FILE[sdk=macosx*]" = "Config/RefineID-Info.plist";
				INFOPLIST_KEY_CFBundleDisplayName = RefineID;
				INFOPLIST_KEY_LSApplicationCategoryType = "public.app-category.utilities";
				INFOPLIST_KEY_NSHumanReadableCopyright = "Copyright 2026 Petri Koistinen";
				INFOPLIST_KEY_UIApplicationSceneManifest_Generation = YES;
				INFOPLIST_KEY_UILaunchScreen_Generation = YES;
				INFOPLIST_KEY_UISupportedInterfaceOrientations_iPad = "UIInterfaceOrientationPortrait UIInterfaceOrientationPortraitUpsideDown UIInterfaceOrientationLandscapeLeft UIInterfaceOrientationLandscapeRight";
				INFOPLIST_KEY_UISupportedInterfaceOrientations_iPhone = "UIInterfaceOrientationPortrait UIInterfaceOrientationLandscapeLeft UIInterfaceOrientationLandscapeRight";
				LD_RUNPATH_SEARCH_PATHS = (
					"$(inherited)",
					"@executable_path/Frameworks",
				);
				"LD_RUNPATH_SEARCH_PATHS[sdk=macosx*]" = (
					"$(inherited)",
					"@executable_path/../Frameworks",
				);
				PRODUCT_BUNDLE_IDENTIFIER = fi.refineid.ReFineID;
				PRODUCT_NAME = "$(TARGET_NAME)";
				SDKROOT = auto;
				SUPPORTED_PLATFORMS = "iphoneos iphonesimulator macosx";
				SWIFT_EMIT_LOC_STRINGS = YES;
			};
			name = TestFlight;
		};
		8D0000000000000000000006 /* Release */ = {
			isa = XCBuildConfiguration;
			buildSettings = {
				ASSETCATALOG_COMPILER_APPICON_NAME = AppIcon;
				CODE_SIGN_ENTITLEMENTS = "Config/RefineID-iOS.entitlements";
				"CODE_SIGN_ENTITLEMENTS[sdk=macosx*]" = Config/RefineID.entitlements;
				CODE_SIGN_STYLE = Automatic;
				COMBINE_HIDPI_IMAGES = YES;
				ENABLE_APP_SANDBOX = YES;
				ENABLE_HARDENED_RUNTIME = YES;
				ENABLE_PREVIEWS = YES;
				EXCLUDED_SOURCE_FILE_NAMES = (
					CardCapabilityProbe.swift,
					DiagnosticsClipboard.swift,
					DiagnosticsSnapshot.swift,
					DiagnosticsView.swift,
				);
				GENERATE_INFOPLIST_FILE = YES;
				INFOPLIST_FILE = "Config/RefineID-iOS-Info.plist";
				"INFOPLIST_FILE[sdk=macosx*]" = "Config/RefineID-Info.plist";
				INFOPLIST_KEY_CFBundleDisplayName = RefineID;
				INFOPLIST_KEY_LSApplicationCategoryType = "public.app-category.utilities";
				INFOPLIST_KEY_NSHumanReadableCopyright = "Copyright 2026 Petri Koistinen";
				INFOPLIST_KEY_UIApplicationSceneManifest_Generation = YES;
				INFOPLIST_KEY_UILaunchScreen_Generation = YES;
				INFOPLIST_KEY_UISupportedInterfaceOrientations_iPad = "UIInterfaceOrientationPortrait UIInterfaceOrientationPortraitUpsideDown UIInterfaceOrientationLandscapeLeft UIInterfaceOrientationLandscapeRight";
				INFOPLIST_KEY_UISupportedInterfaceOrientations_iPhone = "UIInterfaceOrientationPortrait UIInterfaceOrientationLandscapeLeft UIInterfaceOrientationLandscapeRight";
				LD_RUNPATH_SEARCH_PATHS = (
					"$(inherited)",
					"@executable_path/Frameworks",
				);
				"LD_RUNPATH_SEARCH_PATHS[sdk=macosx*]" = (
					"$(inherited)",
					"@executable_path/../Frameworks",
				);
				PRODUCT_BUNDLE_IDENTIFIER = fi.refineid.ReFineID;
				PRODUCT_NAME = "$(TARGET_NAME)";
				SDKROOT = auto;
				SUPPORTED_PLATFORMS = "iphoneos iphonesimulator macosx";
				SWIFT_EMIT_LOC_STRINGS = YES;
			};
			name = Release;
		};
		8D0000000000000000000007 /* Debug */ = {
			isa = XCBuildConfiguration;
			buildSettings = {
				CODE_SIGN_ENTITLEMENTS = "Config/TokenExtension-iOS.entitlements";
				"CODE_SIGN_ENTITLEMENTS[sdk=macosx*]" = Config/TokenExtension.entitlements;
				CODE_SIGN_STYLE = Automatic;
				COMBINE_HIDPI_IMAGES = YES;
				ENABLE_APP_SANDBOX = YES;
				ENABLE_HARDENED_RUNTIME = YES;
				GENERATE_INFOPLIST_FILE = YES;
				INFOPLIST_FILE = "Config/TokenExtension-Info.plist";
				INFOPLIST_KEY_CFBundleDisplayName = "RefineID Token";
				INFOPLIST_KEY_NSHumanReadableCopyright = "Copyright 2026 Petri Koistinen";
				LD_RUNPATH_SEARCH_PATHS = (
					"$(inherited)",
					"@executable_path/../../Frameworks",
				);
				"LD_RUNPATH_SEARCH_PATHS[sdk=macosx*]" = (
					"$(inherited)",
					"@executable_path/../Frameworks",
					"@executable_path/../../../../Frameworks",
				);
				PRODUCT_BUNDLE_IDENTIFIER = fi.refineid.ReFineID.token;
				PRODUCT_NAME = "$(TARGET_NAME)";
				SDKROOT = auto;
				SKIP_INSTALL = YES;
				SUPPORTED_PLATFORMS = "iphoneos iphonesimulator macosx";
				SWIFT_EMIT_LOC_STRINGS = YES;
			};
			name = Debug;
		};
		8D0000000000000000000008 /* TestFlight */ = {
			isa = XCBuildConfiguration;
			buildSettings = {
				CODE_SIGN_ENTITLEMENTS = "Config/TokenExtension-iOS.entitlements";
				"CODE_SIGN_ENTITLEMENTS[sdk=macosx*]" = Config/TokenExtension.entitlements;
				CODE_SIGN_STYLE = Automatic;
				COMBINE_HIDPI_IMAGES = YES;
				ENABLE_APP_SANDBOX = YES;
				ENABLE_HARDENED_RUNTIME = YES;
				GENERATE_INFOPLIST_FILE = YES;
				INFOPLIST_FILE = "Config/TokenExtension-Info.plist";
				INFOPLIST_KEY_CFBundleDisplayName = "RefineID Token";
				INFOPLIST_KEY_NSHumanReadableCopyright = "Copyright 2026 Petri Koistinen";
				LD_RUNPATH_SEARCH_PATHS = (
					"$(inherited)",
					"@executable_path/../../Frameworks",
				);
				"LD_RUNPATH_SEARCH_PATHS[sdk=macosx*]" = (
					"$(inherited)",
					"@executable_path/../Frameworks",
					"@executable_path/../../../../Frameworks",
				);
				PRODUCT_BUNDLE_IDENTIFIER = fi.refineid.ReFineID.token;
				PRODUCT_NAME = "$(TARGET_NAME)";
				SDKROOT = auto;
				SKIP_INSTALL = YES;
				SUPPORTED_PLATFORMS = "iphoneos iphonesimulator macosx";
				SWIFT_EMIT_LOC_STRINGS = YES;
			};
			name = TestFlight;
		};
		8D0000000000000000000009 /* Release */ = {
			isa = XCBuildConfiguration;
			buildSettings = {
				CODE_SIGN_ENTITLEMENTS = "Config/TokenExtension-iOS.entitlements";
				"CODE_SIGN_ENTITLEMENTS[sdk=macosx*]" = Config/TokenExtension.entitlements;
				CODE_SIGN_STYLE = Automatic;
				COMBINE_HIDPI_IMAGES = YES;
				ENABLE_APP_SANDBOX = YES;
				ENABLE_HARDENED_RUNTIME = YES;
				GENERATE_INFOPLIST_FILE = YES;
				INFOPLIST_FILE = "Config/TokenExtension-Info.plist";
				INFOPLIST_KEY_CFBundleDisplayName = "RefineID Token";
				INFOPLIST_KEY_NSHumanReadableCopyright = "Copyright 2026 Petri Koistinen";
				LD_RUNPATH_SEARCH_PATHS = (
					"$(inherited)",
					"@executable_path/../../Frameworks",
				);
				"LD_RUNPATH_SEARCH_PATHS[sdk=macosx*]" = (
					"$(inherited)",
					"@executable_path/../Frameworks",
					"@executable_path/../../../../Frameworks",
				);
				PRODUCT_BUNDLE_IDENTIFIER = fi.refineid.ReFineID.token;
				PRODUCT_NAME = "$(TARGET_NAME)";
				SDKROOT = auto;
				SKIP_INSTALL = YES;
				SUPPORTED_PLATFORMS = "iphoneos iphonesimulator macosx";
				SWIFT_EMIT_LOC_STRINGS = YES;
			};
			name = Release;
		};
		8D000000000000000000000A /* Debug */ = {
			isa = XCBuildConfiguration;
			buildSettings = {
				CODE_SIGN_STYLE = Automatic;
				GENERATE_INFOPLIST_FILE = YES;
				PRODUCT_BUNDLE_IDENTIFIER = fi.refineid.ReFineID.CardCoreTests;
				PRODUCT_NAME = "$(TARGET_NAME)";
				SUPPORTED_PLATFORMS = macosx;
			};
			name = Debug;
		};
		8D000000000000000000000B /* TestFlight */ = {
			isa = XCBuildConfiguration;
			buildSettings = {
				CODE_SIGN_STYLE = Automatic;
				GENERATE_INFOPLIST_FILE = YES;
				PRODUCT_BUNDLE_IDENTIFIER = fi.refineid.ReFineID.CardCoreTests;
				PRODUCT_NAME = "$(TARGET_NAME)";
				SUPPORTED_PLATFORMS = macosx;
			};
			name = TestFlight;
		};
		8D000000000000000000000C /* Release */ = {
			isa = XCBuildConfiguration;
			buildSettings = {
				CODE_SIGN_STYLE = Automatic;
				GENERATE_INFOPLIST_FILE = YES;
				PRODUCT_BUNDLE_IDENTIFIER = fi.refineid.ReFineID.CardCoreTests;
				PRODUCT_NAME = "$(TARGET_NAME)";
				SUPPORTED_PLATFORMS = macosx;
			};
			name = Release;
		};
		8D000000000000000000000D /* Debug */ = {
			isa = XCBuildConfiguration;
			buildSettings = {
				CODE_SIGN_ENTITLEMENTS = "Config/DiscoveryExtension-iOS.entitlements";
				"CODE_SIGN_ENTITLEMENTS[sdk=macosx*]" = Config/DiscoveryExtension.entitlements;
				CODE_SIGN_STYLE = Automatic;
				COMBINE_HIDPI_IMAGES = YES;
				ENABLE_APP_SANDBOX = YES;
				ENABLE_HARDENED_RUNTIME = YES;
				GENERATE_INFOPLIST_FILE = YES;
				INFOPLIST_FILE = "Config/DiscoveryExtension-Info.plist";
				INFOPLIST_KEY_CFBundleDisplayName = "RefineID Card Discovery";
				INFOPLIST_KEY_NSHumanReadableCopyright = "Copyright 2026 Petri Koistinen";
				LD_RUNPATH_SEARCH_PATHS = (
					"$(inherited)",
					"@executable_path/../../Frameworks",
				);
				"LD_RUNPATH_SEARCH_PATHS[sdk=macosx*]" = (
					"$(inherited)",
					"@executable_path/../Frameworks",
					"@executable_path/../../../../Frameworks",
				);
				PRODUCT_BUNDLE_IDENTIFIER = fi.refineid.ReFineID.discovery;
				PRODUCT_NAME = "$(TARGET_NAME)";
				SDKROOT = auto;
				SKIP_INSTALL = YES;
				SUPPORTED_PLATFORMS = "iphoneos iphonesimulator macosx";
				SWIFT_EMIT_LOC_STRINGS = YES;
			};
			name = Debug;
		};
		8D000000000000000000000E /* TestFlight */ = {
			isa = XCBuildConfiguration;
			buildSettings = {
				CODE_SIGN_ENTITLEMENTS = "Config/DiscoveryExtension-iOS.entitlements";
				"CODE_SIGN_ENTITLEMENTS[sdk=macosx*]" = Config/DiscoveryExtension.entitlements;
				CODE_SIGN_STYLE = Automatic;
				COMBINE_HIDPI_IMAGES = YES;
				ENABLE_APP_SANDBOX = YES;
				ENABLE_HARDENED_RUNTIME = YES;
				GENERATE_INFOPLIST_FILE = YES;
				INFOPLIST_FILE = "Config/DiscoveryExtension-Info.plist";
				INFOPLIST_KEY_CFBundleDisplayName = "RefineID Card Discovery";
				INFOPLIST_KEY_NSHumanReadableCopyright = "Copyright 2026 Petri Koistinen";
				LD_RUNPATH_SEARCH_PATHS = (
					"$(inherited)",
					"@executable_path/../../Frameworks",
				);
				"LD_RUNPATH_SEARCH_PATHS[sdk=macosx*]" = (
					"$(inherited)",
					"@executable_path/../Frameworks",
					"@executable_path/../../../../Frameworks",
				);
				PRODUCT_BUNDLE_IDENTIFIER = fi.refineid.ReFineID.discovery;
				PRODUCT_NAME = "$(TARGET_NAME)";
				SDKROOT = auto;
				SKIP_INSTALL = YES;
				SUPPORTED_PLATFORMS = "iphoneos iphonesimulator macosx";
				SWIFT_EMIT_LOC_STRINGS = YES;
			};
			name = TestFlight;
		};
		8D000000000000000000000F /* Release */ = {
			isa = XCBuildConfiguration;
			buildSettings = {
				CODE_SIGN_ENTITLEMENTS = "Config/DiscoveryExtension-iOS.entitlements";
				"CODE_SIGN_ENTITLEMENTS[sdk=macosx*]" = Config/DiscoveryExtension.entitlements;
				CODE_SIGN_STYLE = Automatic;
				COMBINE_HIDPI_IMAGES = YES;
				ENABLE_APP_SANDBOX = YES;
				ENABLE_HARDENED_RUNTIME = YES;
				GENERATE_INFOPLIST_FILE = YES;
				INFOPLIST_FILE = "Config/DiscoveryExtension-Info.plist";
				INFOPLIST_KEY_CFBundleDisplayName = "RefineID Card Discovery";
				INFOPLIST_KEY_NSHumanReadableCopyright = "Copyright 2026 Petri Koistinen";
				LD_RUNPATH_SEARCH_PATHS = (
					"$(inherited)",
					"@executable_path/../../Frameworks",
				);
				"LD_RUNPATH_SEARCH_PATHS[sdk=macosx*]" = (
					"$(inherited)",
					"@executable_path/../Frameworks",
					"@executable_path/../../../../Frameworks",
				);
				PRODUCT_BUNDLE_IDENTIFIER = fi.refineid.ReFineID.discovery;
				PRODUCT_NAME = "$(TARGET_NAME)";
				SDKROOT = auto;
				SKIP_INSTALL = YES;
				SUPPORTED_PLATFORMS = "iphoneos iphonesimulator macosx";
				SWIFT_EMIT_LOC_STRINGS = YES;
			};
			name = Release;
		};
		8D0000000000000000000010 /* Debug */ = {
			isa = XCBuildConfiguration;
			buildSettings = {
				CODE_SIGN_STYLE = Automatic;
				GENERATE_INFOPLIST_FILE = YES;
				MACOSX_DEPLOYMENT_TARGET = 26.0;
				PRODUCT_BUNDLE_IDENTIFIER = fi.refineid.ReFineID.UITests;
				PRODUCT_NAME = "$(TARGET_NAME)";
				SDKROOT = auto;
				SUPPORTED_PLATFORMS = "iphoneos iphonesimulator macosx";
				TEST_TARGET_NAME = RefineID;
			};
			name = Debug;
		};
		8D0000000000000000000011 /* TestFlight */ = {
			isa = XCBuildConfiguration;
			buildSettings = {
				CODE_SIGN_STYLE = Automatic;
				GENERATE_INFOPLIST_FILE = YES;
				PRODUCT_BUNDLE_IDENTIFIER = fi.refineid.ReFineID.UITests;
				PRODUCT_NAME = "$(TARGET_NAME)";
				SDKROOT = auto;
				SUPPORTED_PLATFORMS = "iphoneos iphonesimulator";
				TEST_TARGET_NAME = RefineID;
			};
			name = TestFlight;
		};
		8D0000000000000000000012 /* Release */ = {
			isa = XCBuildConfiguration;
			buildSettings = {
				CODE_SIGN_STYLE = Automatic;
				GENERATE_INFOPLIST_FILE = YES;
				MACOSX_DEPLOYMENT_TARGET = 26.0;
				PRODUCT_BUNDLE_IDENTIFIER = fi.refineid.ReFineID.UITests;
				PRODUCT_NAME = "$(TARGET_NAME)";
				SDKROOT = auto;
				SUPPORTED_PLATFORMS = "iphoneos iphonesimulator macosx";
				TEST_TARGET_NAME = RefineID;
			};
			name = Release;
		};
		8E0000000000000000000001 /* Profile */ = {
			isa = XCBuildConfiguration;
			baseConfigurationReference = 2D0000000000000000000013 /* Version.xcconfig */;
			buildSettings = {
				ALWAYS_SEARCH_USER_PATHS = NO;
				"ARCHS[sdk=macosx*]" = arm64;
				ASSETCATALOG_COMPILER_GENERATE_SWIFT_ASSET_SYMBOL_EXTENSIONS = YES;
				CLANG_ANALYZER_NONNULL = YES;
				CLANG_ANALYZER_NUMBER_OBJECT_CONVERSION = YES_AGGRESSIVE;
				CLANG_COVERAGE_MAPPING = NO;
				CLANG_ENABLE_MODULES = YES;
				CLANG_ENABLE_OBJC_ARC = YES;
				CLANG_ENABLE_OBJC_WEAK = YES;
				CLANG_WARN_BLOCK_CAPTURE_AUTORELEASING = YES;
				CLANG_WARN_BOOL_CONVERSION = YES;
				CLANG_WARN_COMMA = YES;
				CLANG_WARN_CONSTANT_CONVERSION = YES;
				CLANG_WARN_DEPRECATED_OBJC_IMPLEMENTATIONS = YES;
				CLANG_WARN_DIRECT_OBJC_ISA_USAGE = YES_ERROR;
				CLANG_WARN_DOCUMENTATION_COMMENTS = YES;
				CLANG_WARN_DUPLICATE_METHOD_MATCH = YES;
				CLANG_WARN_EMPTY_BODY = YES;
				CLANG_WARN_ENUM_CONVERSION = YES;
				CLANG_WARN_INFINITE_RECURSION = YES;
				CLANG_WARN_INT_CONVERSION = YES;
				CLANG_WARN_NON_LITERAL_NULL_CONVERSION = YES;
				CLANG_WARN_OBJC_IMPLICIT_RETAIN_SELF = YES;
				CLANG_WARN_OBJC_LITERAL_CONVERSION = YES;
				CLANG_WARN_OBJC_ROOT_CLASS = YES_ERROR;
				CLANG_WARN_QUOTED_INCLUDE_IN_FRAMEWORK_HEADER = YES;
				CLANG_WARN_RANGE_LOOP_ANALYSIS = YES;
				CLANG_WARN_STRICT_PROTOTYPES = YES;
				CLANG_WARN_SUSPICIOUS_MOVE = YES;
				CLANG_WARN_UNGUARDED_AVAILABILITY = YES_AGGRESSIVE;
				CLANG_WARN_UNREACHABLE_CODE = YES;
				CLANG_WARN__DUPLICATE_METHOD_MATCH = YES;
				COPY_PHASE_STRIP = NO;
				DEBUG_INFORMATION_FORMAT = dwarf;
				ENABLE_CODE_COVERAGE = NO;
				ENABLE_STRICT_OBJC_MSGSEND = YES;
				ENABLE_TESTABILITY = NO;
				ENABLE_USER_SCRIPT_SANDBOXING = YES;
				GCC_C_LANGUAGE_STANDARD = gnu17;
				GCC_DYNAMIC_NO_PIC = NO;
				GCC_NO_COMMON_BLOCKS = YES;
				GCC_OPTIMIZATION_LEVEL = 0;
				GCC_PREPROCESSOR_DEFINITIONS = (
					"DEBUG=1",
					"$(inherited)",
				);
				GCC_TREAT_WARNINGS_AS_ERRORS = YES;
				GCC_WARN_64_TO_32_BIT_CONVERSION = YES;
				GCC_WARN_ABOUT_RETURN_TYPE = YES_ERROR;
				GCC_WARN_UNDECLARED_SELECTOR = YES;
				GCC_WARN_UNINITIALIZED_AUTOS = YES_AGGRESSIVE;
				GCC_WARN_UNUSED_FUNCTION = YES;
				GCC_WARN_UNUSED_VARIABLE = YES;
				LOCALIZATION_PREFERS_STRING_CATALOGS = YES;
				MACOSX_DEPLOYMENT_TARGET = 26.0;
				ONLY_ACTIVE_ARCH = YES;
				OTHER_SWIFT_FLAGS = "-warnings-as-errors";
				RUN_CLANG_STATIC_ANALYZER = YES;
				SDKROOT = macosx;
				SWIFT_ACTIVE_COMPILATION_CONDITIONS = "DEBUG $(inherited)";
				SWIFT_COMPILATION_MODE = wholemodule;
				SWIFT_OPTIMIZATION_LEVEL = "-O";
				SWIFT_STRICT_CONCURRENCY = complete;
				SWIFT_SUPPRESS_WARNINGS = NO;
				SWIFT_TREAT_WARNINGS_AS_ERRORS = YES;
				SWIFT_VERSION = 6.0;
			};
			name = Profile;
		};
		8E0000000000000000000002 /* Profile */ = {
			isa = XCBuildConfiguration;
			buildSettings = {
				ASSETCATALOG_COMPILER_APPICON_NAME = AppIcon;
				CODE_SIGN_ENTITLEMENTS = "Config/RefineID-iOS.entitlements";
				"CODE_SIGN_ENTITLEMENTS[sdk=macosx*]" = Config/RefineID.entitlements;
				CODE_SIGN_STYLE = Automatic;
				COMBINE_HIDPI_IMAGES = YES;
				ENABLE_APP_SANDBOX = YES;
				ENABLE_HARDENED_RUNTIME = YES;
				ENABLE_PREVIEWS = YES;
				GENERATE_INFOPLIST_FILE = YES;
				INFOPLIST_FILE = "Config/RefineID-iOS-Info.plist";
				"INFOPLIST_FILE[sdk=macosx*]" = "Config/RefineID-Info.plist";
				INFOPLIST_KEY_CFBundleDisplayName = RefineID;
				INFOPLIST_KEY_LSApplicationCategoryType = "public.app-category.utilities";
				INFOPLIST_KEY_NSHumanReadableCopyright = "Copyright 2026 Petri Koistinen";
				INFOPLIST_KEY_UIApplicationSceneManifest_Generation = YES;
				INFOPLIST_KEY_UILaunchScreen_Generation = YES;
				INFOPLIST_KEY_UISupportedInterfaceOrientations_iPad = "UIInterfaceOrientationPortrait UIInterfaceOrientationPortraitUpsideDown UIInterfaceOrientationLandscapeLeft UIInterfaceOrientationLandscapeRight";
				INFOPLIST_KEY_UISupportedInterfaceOrientations_iPhone = "UIInterfaceOrientationPortrait UIInterfaceOrientationLandscapeLeft UIInterfaceOrientationLandscapeRight";
				LD_RUNPATH_SEARCH_PATHS = (
					"$(inherited)",
					"@executable_path/Frameworks",
				);
				"LD_RUNPATH_SEARCH_PATHS[sdk=macosx*]" = (
					"$(inherited)",
					"@executable_path/../Frameworks",
				);
				PRODUCT_BUNDLE_IDENTIFIER = fi.refineid.ReFineID;
				PRODUCT_NAME = "$(TARGET_NAME)";
				SDKROOT = auto;
				SUPPORTED_PLATFORMS = "iphoneos iphonesimulator macosx";
				SWIFT_EMIT_LOC_STRINGS = YES;
				SWIFT_OPTIMIZATION_LEVEL = "-O";
			};
			name = Profile;
		};
		8E0000000000000000000003 /* Profile */ = {
			isa = XCBuildConfiguration;
			buildSettings = {
				CODE_SIGN_ENTITLEMENTS = "Config/TokenExtension-iOS.entitlements";
				"CODE_SIGN_ENTITLEMENTS[sdk=macosx*]" = Config/TokenExtension.entitlements;
				CODE_SIGN_STYLE = Automatic;
				COMBINE_HIDPI_IMAGES = YES;
				ENABLE_APP_SANDBOX = YES;
				ENABLE_HARDENED_RUNTIME = YES;
				GENERATE_INFOPLIST_FILE = YES;
				INFOPLIST_FILE = "Config/TokenExtension-Info.plist";
				INFOPLIST_KEY_CFBundleDisplayName = "RefineID Token";
				INFOPLIST_KEY_NSHumanReadableCopyright = "Copyright 2026 Petri Koistinen";
				LD_RUNPATH_SEARCH_PATHS = (
					"$(inherited)",
					"@executable_path/../../Frameworks",
				);
				"LD_RUNPATH_SEARCH_PATHS[sdk=macosx*]" = (
					"$(inherited)",
					"@executable_path/../Frameworks",
					"@executable_path/../../../../Frameworks",
				);
				PRODUCT_BUNDLE_IDENTIFIER = fi.refineid.ReFineID.token;
				PRODUCT_NAME = "$(TARGET_NAME)";
				SDKROOT = auto;
				SKIP_INSTALL = YES;
				SUPPORTED_PLATFORMS = "iphoneos iphonesimulator macosx";
				SWIFT_EMIT_LOC_STRINGS = YES;
				SWIFT_OPTIMIZATION_LEVEL = "-O";
			};
			name = Profile;
		};
		8E0000000000000000000004 /* Profile */ = {
			isa = XCBuildConfiguration;
			buildSettings = {
				CODE_SIGN_STYLE = Automatic;
				GENERATE_INFOPLIST_FILE = YES;
				PRODUCT_BUNDLE_IDENTIFIER = fi.refineid.ReFineID.CardCoreTests;
				PRODUCT_NAME = "$(TARGET_NAME)";
				SUPPORTED_PLATFORMS = macosx;
				SWIFT_OPTIMIZATION_LEVEL = "-O";
			};
			name = Profile;
		};
		8E0000000000000000000005 /* Profile */ = {
			isa = XCBuildConfiguration;
			buildSettings = {
				CODE_SIGN_ENTITLEMENTS = "Config/DiscoveryExtension-iOS.entitlements";
				"CODE_SIGN_ENTITLEMENTS[sdk=macosx*]" = Config/DiscoveryExtension.entitlements;
				CODE_SIGN_STYLE = Automatic;
				COMBINE_HIDPI_IMAGES = YES;
				ENABLE_APP_SANDBOX = YES;
				ENABLE_HARDENED_RUNTIME = YES;
				GENERATE_INFOPLIST_FILE = YES;
				INFOPLIST_FILE = "Config/DiscoveryExtension-Info.plist";
				INFOPLIST_KEY_CFBundleDisplayName = "RefineID Card Discovery";
				INFOPLIST_KEY_NSHumanReadableCopyright = "Copyright 2026 Petri Koistinen";
				LD_RUNPATH_SEARCH_PATHS = (
					"$(inherited)",
					"@executable_path/../../Frameworks",
				);
				"LD_RUNPATH_SEARCH_PATHS[sdk=macosx*]" = (
					"$(inherited)",
					"@executable_path/../Frameworks",
					"@executable_path/../../../../Frameworks",
				);
				PRODUCT_BUNDLE_IDENTIFIER = fi.refineid.ReFineID.discovery;
				PRODUCT_NAME = "$(TARGET_NAME)";
				SDKROOT = auto;
				SKIP_INSTALL = YES;
				SUPPORTED_PLATFORMS = "iphoneos iphonesimulator macosx";
				SWIFT_EMIT_LOC_STRINGS = YES;
				SWIFT_OPTIMIZATION_LEVEL = "-O";
			};
			name = Profile;
		};
		8E0000000000000000000006 /* Profile */ = {
			isa = XCBuildConfiguration;
			buildSettings = {
				CODE_SIGN_STYLE = Automatic;
				GENERATE_INFOPLIST_FILE = YES;
				MACOSX_DEPLOYMENT_TARGET = 26.0;
				PRODUCT_BUNDLE_IDENTIFIER = fi.refineid.ReFineID.UITests;
				PRODUCT_NAME = "$(TARGET_NAME)";
				SDKROOT = auto;
				SUPPORTED_PLATFORMS = "iphoneos iphonesimulator macosx";
				SWIFT_OPTIMIZATION_LEVEL = "-O";
				TEST_TARGET_NAME = RefineID;
			};
			name = Profile;
		};
		9576927223F0C9E413EFAF85 /* Profile */ = {
			isa = XCBuildConfiguration;
			buildSettings = {
				CODE_SIGN_ENTITLEMENTS = "Config/RappTokenExtension-iOS.entitlements";
				"CODE_SIGN_ENTITLEMENTS[sdk=macosx*]" = Config/RappTokenExtension.entitlements;
				CODE_SIGN_STYLE = Automatic;
				COMBINE_HIDPI_IMAGES = YES;
				ENABLE_APP_SANDBOX = YES;
				ENABLE_HARDENED_RUNTIME = YES;
				GENERATE_INFOPLIST_FILE = YES;
				INFOPLIST_FILE = "Config/RappTokenExtension-Info.plist";
				INFOPLIST_KEY_CFBundleDisplayName = "RefineID Token";
				INFOPLIST_KEY_NSHumanReadableCopyright = "Copyright 2026 Petri Koistinen";
				LD_RUNPATH_SEARCH_PATHS = (
					"$(inherited)",
					"@executable_path/../../Frameworks",
				);
				"LD_RUNPATH_SEARCH_PATHS[sdk=macosx*]" = (
					"$(inherited)",
					"@executable_path/../Frameworks",
					"@executable_path/../../../../Frameworks",
				);
				PRODUCT_BUNDLE_IDENTIFIER = "fi.refineid.refineid.rapp-token";
				PRODUCT_MODULE_NAME = RefineIDRappTokenExtension;
				PRODUCT_NAME = "$(TARGET_NAME)";
				SDKROOT = auto;
				SKIP_INSTALL = YES;
				SUPPORTED_PLATFORMS = "iphoneos iphonesimulator macosx";
				SWIFT_EMIT_LOC_STRINGS = YES;
				SWIFT_OPTIMIZATION_LEVEL = "-O";
			};
			name = Profile;
		};
		98430C436484FE80C43B1861 /* TestFlight */ = {
			isa = XCBuildConfiguration;
			buildSettings = {
				CODE_SIGN_ENTITLEMENTS = "Config/RappTokenExtension-iOS.entitlements";
				"CODE_SIGN_ENTITLEMENTS[sdk=macosx*]" = Config/RappTokenExtension.entitlements;
				CODE_SIGN_STYLE = Automatic;
				COMBINE_HIDPI_IMAGES = YES;
				ENABLE_APP_SANDBOX = YES;
				ENABLE_HARDENED_RUNTIME = YES;
				GENERATE_INFOPLIST_FILE = YES;
				INFOPLIST_FILE = "Config/RappTokenExtension-Info.plist";
				INFOPLIST_KEY_CFBundleDisplayName = "RefineID Token";
				INFOPLIST_KEY_NSHumanReadableCopyright = "Copyright 2026 Petri Koistinen";
				LD_RUNPATH_SEARCH_PATHS = (
					"$(inherited)",
					"@executable_path/../../Frameworks",
				);
				"LD_RUNPATH_SEARCH_PATHS[sdk=macosx*]" = (
					"$(inherited)",
					"@executable_path/../Frameworks",
					"@executable_path/../../../../Frameworks",
				);
				PRODUCT_BUNDLE_IDENTIFIER = "fi.refineid.refineid.rapp-token";
				PRODUCT_MODULE_NAME = RefineIDRappTokenExtension;
				PRODUCT_NAME = "$(TARGET_NAME)";
				SDKROOT = auto;
				SKIP_INSTALL = YES;
				SUPPORTED_PLATFORMS = "iphoneos iphonesimulator macosx";
				SWIFT_EMIT_LOC_STRINGS = YES;
			};
			name = TestFlight;
		};
		BE0000000000000000000001 /* Debug */ = {
			isa = XCBuildConfiguration;
			buildSettings = {
				BUNDLE_LOADER = "$(TEST_HOST)";
				CODE_SIGN_STYLE = Automatic;
				GENERATE_INFOPLIST_FILE = YES;
				PRODUCT_BUNDLE_IDENTIFIER = fi.refineid.ReFineID.Tests;
				PRODUCT_NAME = "$(TARGET_NAME)";
				SUPPORTED_PLATFORMS = macosx;
				TEST_HOST = "$(BUILT_PRODUCTS_DIR)/RefineID.app/Contents/MacOS/RefineID";
			};
			name = Debug;
		};
		BE0000000000000000000002 /* Profile */ = {
			isa = XCBuildConfiguration;
			buildSettings = {
				BUNDLE_LOADER = "$(TEST_HOST)";
				CODE_SIGN_STYLE = Automatic;
				GENERATE_INFOPLIST_FILE = YES;
				PRODUCT_BUNDLE_IDENTIFIER = fi.refineid.ReFineID.Tests;
				PRODUCT_NAME = "$(TARGET_NAME)";
				SUPPORTED_PLATFORMS = macosx;
				TEST_HOST = "$(BUILT_PRODUCTS_DIR)/RefineID.app/Contents/MacOS/RefineID";
			};
			name = Profile;
		};
		BE0000000000000000000003 /* TestFlight */ = {
			isa = XCBuildConfiguration;
			buildSettings = {
				BUNDLE_LOADER = "$(TEST_HOST)";
				CODE_SIGN_STYLE = Automatic;
				GENERATE_INFOPLIST_FILE = YES;
				PRODUCT_BUNDLE_IDENTIFIER = fi.refineid.ReFineID.Tests;
				PRODUCT_NAME = "$(TARGET_NAME)";
				SUPPORTED_PLATFORMS = macosx;
				TEST_HOST = "$(BUILT_PRODUCTS_DIR)/RefineID.app/Contents/MacOS/RefineID";
			};
			name = TestFlight;
		};
		BE0000000000000000000004 /* Release */ = {
			isa = XCBuildConfiguration;
			buildSettings = {
				BUNDLE_LOADER = "$(TEST_HOST)";
				CODE_SIGN_STYLE = Automatic;
				GENERATE_INFOPLIST_FILE = YES;
				PRODUCT_BUNDLE_IDENTIFIER = fi.refineid.ReFineID.Tests;
				PRODUCT_NAME = "$(TARGET_NAME)";
				SUPPORTED_PLATFORMS = macosx;
				TEST_HOST = "$(BUILT_PRODUCTS_DIR)/RefineID.app/Contents/MacOS/RefineID";
			};
			name = Release;
		};
		DC12509A50C90C9EF4EDCA1C /* Debug */ = {
			isa = XCBuildConfiguration;
			buildSettings = {
				CODE_SIGN_ENTITLEMENTS = "Config/RappTokenExtension-iOS.entitlements";
				"CODE_SIGN_ENTITLEMENTS[sdk=macosx*]" = Config/RappTokenExtension.entitlements;
				CODE_SIGN_STYLE = Automatic;
				COMBINE_HIDPI_IMAGES = YES;
				ENABLE_APP_SANDBOX = YES;
				ENABLE_HARDENED_RUNTIME = YES;
				GENERATE_INFOPLIST_FILE = YES;
				INFOPLIST_FILE = "Config/RappTokenExtension-Info.plist";
				INFOPLIST_KEY_CFBundleDisplayName = "RefineID Token";
				INFOPLIST_KEY_NSHumanReadableCopyright = "Copyright 2026 Petri Koistinen";
				LD_RUNPATH_SEARCH_PATHS = (
					"$(inherited)",
					"@executable_path/../../Frameworks",
				);
				"LD_RUNPATH_SEARCH_PATHS[sdk=macosx*]" = (
					"$(inherited)",
					"@executable_path/../Frameworks",
					"@executable_path/../../../../Frameworks",
				);
				PRODUCT_BUNDLE_IDENTIFIER = "fi.refineid.refineid.rapp-token";
				PRODUCT_MODULE_NAME = RefineIDRappTokenExtension;
				PRODUCT_NAME = "$(TARGET_NAME)";
				SDKROOT = auto;
				SKIP_INSTALL = YES;
				SUPPORTED_PLATFORMS = "iphoneos iphonesimulator macosx";
				SWIFT_EMIT_LOC_STRINGS = YES;
			};
			name = Debug;
		};
/* End XCBuildConfiguration section */

/* Begin XCConfigurationList section */
		9601D3F8E17F8F36296D4CE8 /* Build configuration list for PBXNativeTarget "RefineIDRappTokenExtension" */ = {
			isa = XCConfigurationList;
			buildConfigurations = (
				0B412E731403BEF31DD5CDFB /* Release */,
				DC12509A50C90C9EF4EDCA1C /* Debug */,
				9576927223F0C9E413EFAF85 /* Profile */,
				98430C436484FE80C43B1861 /* TestFlight */,
			);
			defaultConfigurationIsVisible = 0;
			defaultConfigurationName = Release;
		};
		9D0000000000000000000001 /* Build configuration list for PBXProject "RefineID" */ = {
			isa = XCConfigurationList;
			buildConfigurations = (
				8D0000000000000000000001 /* Debug */,
				8E0000000000000000000001 /* Profile */,
				8D0000000000000000000002 /* TestFlight */,
				8D0000000000000000000003 /* Release */,
			);
			defaultConfigurationIsVisible = 0;
			defaultConfigurationName = Release;
		};
		9D0000000000000000000002 /* Build configuration list for PBXNativeTarget "RefineID" */ = {
			isa = XCConfigurationList;
			buildConfigurations = (
				8D0000000000000000000004 /* Debug */,
				8E0000000000000000000002 /* Profile */,
				8D0000000000000000000005 /* TestFlight */,
				8D0000000000000000000006 /* Release */,
			);
			defaultConfigurationIsVisible = 0;
			defaultConfigurationName = Release;
		};
		9D0000000000000000000003 /* Build configuration list for PBXNativeTarget "RefineIDTokenExtension" */ = {
			isa = XCConfigurationList;
			buildConfigurations = (
				8D0000000000000000000007 /* Debug */,
				8E0000000000000000000003 /* Profile */,
				8D0000000000000000000008 /* TestFlight */,
				8D0000000000000000000009 /* Release */,
			);
			defaultConfigurationIsVisible = 0;
			defaultConfigurationName = Release;
		};
		9D0000000000000000000004 /* Build configuration list for PBXNativeTarget "CardCoreTests" */ = {
			isa = XCConfigurationList;
			buildConfigurations = (
				8D000000000000000000000A /* Debug */,
				8E0000000000000000000004 /* Profile */,
				8D000000000000000000000B /* TestFlight */,
				8D000000000000000000000C /* Release */,
			);
			defaultConfigurationIsVisible = 0;
			defaultConfigurationName = Release;
		};
		9D0000000000000000000005 /* Build configuration list for PBXNativeTarget "RefineIDDiscoveryExtension" */ = {
			isa = XCConfigurationList;
			buildConfigurations = (
				8D000000000000000000000D /* Debug */,
				8E0000000000000000000005 /* Profile */,
				8D000000000000000000000E /* TestFlight */,
				8D000000000000000000000F /* Release */,
			);
			defaultConfigurationIsVisible = 0;
			defaultConfigurationName = Release;
		};
		9D0000000000000000000006 /* Build configuration list for PBXNativeTarget "RefineIDUITests" */ = {
			isa = XCConfigurationList;
			buildConfigurations = (
				8D0000000000000000000010 /* Debug */,
				8E0000000000000000000006 /* Profile */,
				8D0000000000000000000011 /* TestFlight */,
				8D0000000000000000000012 /* Release */,
			);
			defaultConfigurationIsVisible = 0;
			defaultConfigurationName = Release;
		};
		BF0000000000000000000001 /* Build configuration list for PBXNativeTarget "RefineIDTests" */ = {
			isa = XCConfigurationList;
			buildConfigurations = (
				BE0000000000000000000001 /* Debug */,
				BE0000000000000000000002 /* Profile */,
				BE0000000000000000000003 /* TestFlight */,
				BE0000000000000000000004 /* Release */,
			);
			defaultConfigurationIsVisible = 0;
			defaultConfigurationName = Release;
		};
/* End XCConfigurationList section */

/* Begin XCLocalSwiftPackageReference section */
		AD0000000000000000000001 /* XCLocalSwiftPackageReference "CardCore" */ = {
			isa = XCLocalSwiftPackageReference;
			relativePath = CardCore;
		};
/* End XCLocalSwiftPackageReference section */

/* Begin XCSwiftPackageProductDependency section */
		7298DA08AF9815CC40D89601 /* CardCore */ = {
			isa = XCSwiftPackageProductDependency;
			package = AD0000000000000000000001 /* XCLocalSwiftPackageReference "CardCore" */;
			productName = CardCore;
		};
		AD0000000000000000000002 /* CardCore */ = {
			isa = XCSwiftPackageProductDependency;
			package = AD0000000000000000000001 /* XCLocalSwiftPackageReference "CardCore" */;
			productName = CardCore;
		};
		AD0000000000000000000003 /* CardCore */ = {
			isa = XCSwiftPackageProductDependency;
			package = AD0000000000000000000001 /* XCLocalSwiftPackageReference "CardCore" */;
			productName = CardCore;
		};
		AD0000000000000000000004 /* CardCore */ = {
			isa = XCSwiftPackageProductDependency;
			package = AD0000000000000000000001 /* XCLocalSwiftPackageReference "CardCore" */;
			productName = CardCore;
		};
		AD0000000000000000000005 /* CardCore */ = {
			isa = XCSwiftPackageProductDependency;
			package = AD0000000000000000000001 /* XCLocalSwiftPackageReference "CardCore" */;
			productName = CardCore;
		};
		AD0000000000000000000006 /* CardCore */ = {
			isa = XCSwiftPackageProductDependency;
			package = AD0000000000000000000001 /* XCLocalSwiftPackageReference "CardCore" */;
			productName = CardCore;
		};
/* End XCSwiftPackageProductDependency section */
	};
	rootObject = 1D0000000000000000000001 /* Project object */;
}
